
Microsoft Visual Studio Solution File, Format Version 12.00
# Visual Studio Version 16
VisualStudioVersion = 16.0.31424.327
MinimumVisualStudioVersion = 10.0.40219.1
Project("{FAE04EC0-301F-11D3-BF4B-00C04F79EFBC}") = "CRUDCadatro", "CRUDCadatro.csproj", "{AE33869C-5431-4FF3-82ED-A2134013E9B4}"
EndProject
Global
	GlobalSection(SolutionConfigurationPlatforms) = preSolution
		Debug|Any CPU = Debug|Any CPU
		Release|Any CPU = Release|Any CPU
	EndGlobalSection
	GlobalSection(ProjectConfigurationPlatforms) = postSolution
		{AE33869C-5431-4FF3-82ED-A2134013E9B4}.Debug|Any CPU.ActiveCfg = Debug|Any CPU
		{AE33869C-5431-4FF3-82ED-A2134013E9B4}.Debug|Any CPU.Build.0 = Debug|Any CPU
		{AE33869C-5431-4FF3-82ED-A2134013E9B4}.Release|Any CPU.ActiveCfg = Release|Any CPU
		{AE33869C-5431-4FF3-82ED-A2134013E9B4}.Release|Any CPU.Build.0 = Release|Any CPU
	EndGlobalSection
	GlobalSection(SolutionProperties) = preSolution
		HideSolutionNode = FALSE
	EndGlobalSection
	GlobalSection(ExtensibilityGlobals) = postSolution
		SolutionGuid = {3700FA41-09E0-491B-9BE7-83AA12D7EFDC}
	EndGlobalSection
EndGlobal
